# This file is automatically @generated by Cargo.
# It is not intended for manual editing.
version = 3

[[package]]
name = "load_file"
version = "1.0.1"
source = "registry+https://github.com/rust-lang/crates.io-index"
checksum = "31da4bce62428941030036a44d0d4b123f031b04080f8aeb44248b41de3e79cd"

[[package]]
name = "rust"
version = "0.1.0"
dependencies = [
 "load_file",
]
